// !$*UTF8*$!
{
	archiveVersion = 1;
	classes = {
	};
	objectVersion = 50;
	objects = {

/* Begin PBXBuildFile section */
		DEFEA5A422DC25A00054873E /* AppDelegate.m in Sources */ = {isa = PBXBuildFile; fileRef = DEFEA5A322DC25A00054873E /* AppDelegate.m */; };
		DEFEA5A622DC25A10054873E /* Assets.xcassets in Resources */ = {isa = PBXBuildFile; fileRef = DEFEA5A522DC25A10054873E /* Assets.xcassets */; };
		DEFEA5A922DC25A10054873E /* MainMenu.xib in Resources */ = {isa = PBXBuildFile; fileRef = DEFEA5A722DC25A10054873E /* MainMenu.xib */; };
		DEFEA5AC22DC25A10054873E /* main.m in Sources */ = {isa = PBXBuildFile; fileRef = DEFEA5AB22DC25A10054873E /* main.m */; };
		DEFEA5B422DC25B80054873E /* 1.gif in Resources */ = {isa = PBXBuildFile; fileRef = DEFEA5B322DC25B80054873E /* 1.gif */; };
		DEFEA5B722DC25FA0054873E /* GifView.m in Sources */ = {isa = PBXBuildFile; fileRef = DEFEA5B622DC25FA0054873E /* GifView.m */; };
		DEFEA5BF22DC443A0054873E /* main.m in Sources */ = {isa = PBXBuildFile; fileRef = DEFEA5BE22DC443A0054873E /* main.m */; };
/* End PBXBuildFile section */

/* Begin PBXCopyFilesBuildPhase section */
		DEFEA5BA22DC443A0054873E /* CopyFiles */ = {
			isa = PBXCopyFilesBuildPhase;
			buildActionMask = 2147483647;
			dstPath = /usr/share/man/man1/;
			dstSubfolderSpec = 0;
			files = (
			);
			runOnlyForDeploymentPostprocessing = 1;
		};
/* End PBXCopyFilesBuildPhase section */

/* Begin PBXFileReference section */
		DEFEA59F22DC259F0054873E /* GIFVIEW.app */ = {isa = PBXFileReference; explicitFileType = wrapper.application; includeInIndex = 0; path = GIFVIEW.app; sourceTree = BUILT_PRODUCTS_DIR; };
		DEFEA5A222DC25A00054873E /* AppDelegate.h */ = {isa = PBXFileReference; lastKnownFileType = sourcecode.c.h; path = AppDelegate.h; sourceTree = "<group>"; };
		DEFEA5A322DC25A00054873E /* AppDelegate.m */ = {isa = PBXFileReference; lastKnownFileType = sourcecode.c.objc; path = AppDelegate.m; sourceTree = "<group>"; };
		DEFEA5A522DC25A10054873E /* Assets.xcassets */ = {isa = PBXFileReference; lastKnownFileType = folder.assetcatalog; path = Assets.xcassets; sourceTree = "<group>"; };
		DEFEA5A822DC25A10054873E /* Base */ = {isa = PBXFileReference; lastKnownFileType = file.xib; name = Base; path = Base.lproj/MainMenu.xib; sourceTree = "<group>"; };
		DEFEA5AA22DC25A10054873E /* Info.plist */ = {isa = PBXFileReference; lastKnownFileType = text.plist.xml; path = Info.plist; sourceTree = "<group>"; };
		DEFEA5AB22DC25A10054873E /* main.m */ = {isa = PBXFileReference; lastKnownFileType = sourcecode.c.objc; path = main.m; sourceTree = "<group>"; };
		DEFEA5AD22DC25A10054873E /* GIFVIEW.entitlements */ = {isa = PBXFileReference; lastKnownFileType = text.plist.entitlements; path = GIFVIEW.entitlements; sourceTree = "<group>"; };
		DEFEA5B322DC25B80054873E /* 1.gif */ = {isa = PBXFileReference; lastKnownFileType = image.gif; path = 1.gif; sourceTree = "<group>"; };
		DEFEA5B522DC25FA0054873E /* GifView.h */ = {isa = PBXFileReference; lastKnownFileType = sourcecode.c.h; path = GifView.h; sourceTree = "<group>"; };
		DEFEA5B622DC25FA0054873E /* GifView.m */ = {isa = PBXFileReference; lastKnownFileType = sourcecode.c.objc; path = GifView.m; sourceTree = "<group>"; };
		DEFEA5BC22DC443A0054873E /* drawProgress */ = {isa = PBXFileReference; explicitFileType = "compiled.mach-o.executable"; includeInIndex = 0; path = drawProgress; sourceTree = BUILT_PRODUCTS_DIR; };
		DEFEA5BE22DC443A0054873E /* main.m */ = {isa = PBXFileReference; lastKnownFileType = sourcecode.c.objc; path = main.m; sourceTree = "<group>"; };
/* End PBXFileReference section */

/* Begin PBXFrameworksBuildPhase section */
		DEFEA59C22DC259F0054873E /* Frameworks */ = {
			isa = PBXFrameworksBuildPhase;
			buildActionMask = 2147483647;
			files = (
			);
			runOnlyForDeploymentPostprocessing = 0;
		};
		DEFEA5B922DC443A0054873E /* Frameworks */ = {
			isa = PBXFrameworksBuildPhase;
			buildActionMask = 2147483647;
			files = (
			);
			runOnlyForDeploymentPostprocessing = 0;
		};
/* End PBXFrameworksBuildPhase section */

/* Begin PBXGroup section */
		DEFEA59622DC259F0054873E = {
			isa = PBXGroup;
			children = (
				DEFEA5A122DC25A00054873E /* GIFVIEW */,
				DEFEA5BD22DC443A0054873E /* drawProgress */,
				DEFEA5A022DC25A00054873E /* Products */,
			);
			sourceTree = "<group>";
		};
		DEFEA5A022DC25A00054873E /* Products */ = {
			isa = PBXGroup;
			children = (
				DEFEA59F22DC259F0054873E /* GIFVIEW.app */,
				DEFEA5BC22DC443A0054873E /* drawProgress */,
			);
			name = Products;
			sourceTree = "<group>";
		};
		DEFEA5A122DC25A00054873E /* GIFVIEW */ = {
			isa = PBXGroup;
			children = (
				DEFEA5B322DC25B80054873E /* 1.gif */,
				DEFEA5A222DC25A00054873E /* AppDelegate.h */,
				DEFEA5A322DC25A00054873E /* AppDelegate.m */,
				DEFEA5B522DC25FA0054873E /* GifView.h */,
				DEFEA5B622DC25FA0054873E /* GifView.m */,
				DEFEA5A522DC25A10054873E /* Assets.xcassets */,
				DEFEA5A722DC25A10054873E /* MainMenu.xib */,
				DEFEA5AA22DC25A10054873E /* Info.plist */,
				DEFEA5AB22DC25A10054873E /* main.m */,
				DEFEA5AD22DC25A10054873E /* GIFVIEW.entitlements */,
			);
			path = GIFVIEW;
			sourceTree = "<group>";
		};
		DEFEA5BD22DC443A0054873E /* drawProgress */ = {
			isa = PBXGroup;
			children = (
				DEFEA5BE22DC443A0054873E /* main.m */,
			);
			path = drawProgress;
			sourceTree = "<group>";
		};
/* End PBXGroup section */

/* Begin PBXNativeTarget section */
		DEFEA59E22DC259F0054873E /* GIFVIEW */ = {
			isa = PBXNativeTarget;
			buildConfigurationList = DEFEA5B022DC25A10054873E /* Build configuration list for PBXNativeTarget "GIFVIEW" */;
			buildPhases = (
				DEFEA59B22DC259F0054873E /* Sources */,
				DEFEA59C22DC259F0054873E /* Frameworks */,
				DEFEA59D22DC259F0054873E /* Resources */,
			);
			buildRules = (
			);
			dependencies = (
			);
			name = GIFVIEW;
			productName = GIFVIEW;
			productReference = DEFEA59F22DC259F0054873E /* GIFVIEW.app */;
			productType = "com.apple.product-type.application";
		};
		DEFEA5BB22DC443A0054873E /* drawProgress */ = {
			isa = PBXNativeTarget;
			buildConfigurationList = DEFEA5C022DC443A0054873E /* Build configuration list for PBXNativeTarget "drawProgress" */;
			buildPhases = (
				DEFEA5B822DC443A0054873E /* Sources */,
				DEFEA5B922DC443A0054873E /* Frameworks */,
				DEFEA5BA22DC443A0054873E /* CopyFiles */,
			);
			buildRules = (
			);
			dependencies = (
			);
			name = drawProgress;
			productName = drawProgress;
			productReference = DEFEA5BC22DC443A0054873E /* drawProgress */;
			productType = "com.apple.product-type.tool";
		};
/* End PBXNativeTarget section */

/* Begin PBXProject section */
		DEFEA59722DC259F0054873E /* Project object */ = {
			isa = PBXProject;
			attributes = {
				LastUpgradeCheck = 1000;
				ORGANIZATIONNAME = "Dylan Xiao";
				TargetAttributes = {
					DEFEA59E22DC259F0054873E = {
						CreatedOnToolsVersion = 10.0;
					};
					DEFEA5BB22DC443A0054873E = {
						CreatedOnToolsVersion = 10.0;
					};
				};
			};
			buildConfigurationList = DEFEA59A22DC259F0054873E /* Build configuration list for PBXProject "GIFVIEW" */;
			compatibilityVersion = "Xcode 9.3";
			developmentRegion = en;
			hasScannedForEncodings = 0;
			knownRegions = (
				en,
				Base,
			);
			mainGroup = DEFEA59622DC259F0054873E;
			productRefGroup = DEFEA5A022DC25A00054873E /* Products */;
			projectDirPath = "";
			projectRoot = "";
			targets = (
				DEFEA59E22DC259F0054873E /* GIFVIEW */,
				DEFEA5BB22DC443A0054873E /* drawProgress */,
			);
		};
/* End PBXProject section */

/* Begin PBXResourcesBuildPhase section */
		DEFEA59D22DC259F0054873E /* Resources */ = {
			isa = PBXResourcesBuildPhase;
			buildActionMask = 2147483647;
			files = (
				DEFEA5B422DC25B80054873E /* 1.gif in Resources */,
				DEFEA5A622DC25A10054873E /* Assets.xcassets in Resources */,
				DEFEA5A922DC25A10054873E /* MainMenu.xib in Resources */,
			);
			runOnlyForDeploymentPostprocessing = 0;
		};
/* End PBXResourcesBuildPhase section */

/* Begin PBXSourcesBuildPhase section */
		DEFEA59B22DC259F0054873E /* Sources */ = {
			isa = PBXSourcesBuildPhase;
			buildActionMask = 2147483647;
			files = (
				DEFEA5AC22DC25A10054873E /* main.m in Sources */,
				DEFEA5A422DC25A00054873E /* AppDelegate.m in Sources */,
				DEFEA5B722DC25FA0054873E /* GifView.m in Sources */,
			);
			runOnlyForDeploymentPostprocessing = 0;
		};
		DEFEA5B822DC443A0054873E /* Sources */ = {
			isa = PBXSourcesBuildPhase;
			buildActionMask = 2147483647;
			files = (
				DEFEA5BF22DC443A0054873E /* main.m in Sources */,
			);
			runOnlyForDeploymentPostprocessing = 0;
		};
/* End PBXSourcesBuildPhase section */

/* Begin PBXVariantGroup section */
		DEFEA5A722DC25A10054873E /* MainMenu.xib */ = {
			isa = PBXVariantGroup;
			children = (
				DEFEA5A822DC25A10054873E /* Base */,
			);
			name = MainMenu.xib;
			sourceTree = "<group>";
		};
/* End PBXVariantGroup section */

/* Begin XCBuildConfiguration section */
		DEFEA5AE22DC25A10054873E /* Debug */ = {
			isa = XCBuildConfiguration;
			buildSettings = {
				ALWAYS_SEARCH_USER_PATHS = NO;
				CLANG_ANALYZER_NONNULL = YES;
				CLANG_ANALYZER_NUMBER_OBJECT_CONVERSION = YES_AGGRESSIVE;
				CLANG_CXX_LANGUAGE_STANDARD = "gnu++14";
				CLANG_CXX_LIBRARY = "libc++";
				CLANG_ENABLE_MODULES = YES;
				CLANG_ENABLE_OBJC_ARC = YES;
				CLANG_ENABLE_OBJC_WEAK = YES;
				CLANG_WARN_BLOCK_CAPTURE_AUTORELEASING = YES;
				CLANG_WARN_BOOL_CONVERSION = YES;
				CLANG_WARN_COMMA = YES;
				CLANG_WARN_CONSTANT_CONVERSION = YES;
				CLANG_WARN_DEPRECATED_OBJC_IMPLEMENTATIONS = YES;
				CLANG_WARN_DIRECT_OBJC_ISA_USAGE = YES_ERROR;
				CLANG_WARN_DOCUMENTATION_COMMENTS = YES;
				CLANG_WARN_EMPTY_BODY = YES;
				CLANG_WARN_ENUM_CONVERSION = YES;
				CLANG_WARN_INFINITE_RECURSION = YES;
				CLANG_WARN_INT_CONVERSION = YES;
				CLANG_WARN_NON_LITERAL_NULL_CONVERSION = YES;
				CLANG_WARN_OBJC_IMPLICIT_RETAIN_SELF = YES;
				CLANG_WARN_OBJC_LITERAL_CONVERSION = YES;
				CLANG_WARN_OBJC_ROOT_CLASS = YES_ERROR;
				CLANG_WARN_RANGE_LOOP_ANALYSIS = YES;
				CLANG_WARN_STRICT_PROTOTYPES = YES;
				CLANG_WARN_SUSPICIOUS_MOVE = YES;
				CLANG_WARN_UNGUARDED_AVAILABILITY = YES_AGGRESSIVE;
				CLANG_WARN_UNREACHABLE_CODE = YES;
				CLANG_WARN__DUPLICATE_METHOD_MATCH = YES;
				CODE_SIGN_IDENTITY = "-";
				COPY_PHASE_STRIP = NO;
				DEBUG_INFORMATION_FORMAT = dwarf;
				ENABLE_STRICT_OBJC_MSGSEND = YES;
				ENABLE_TESTABILITY = YES;
				GCC_C_LANGUAGE_STANDARD = gnu11;
				GCC_DYNAMIC_NO_PIC = NO;
				GCC_NO_COMMON_BLOCKS = YES;
				GCC_OPTIMIZATION_LEVEL = 0;
				GCC_PREPROCESSOR_DEFINITIONS = (
					"DEBUG=1",
					"$(inherited)",
				);
				GCC_WARN_64_TO_32_BIT_CONVERSION = YES;
				GCC_WARN_ABOUT_RETURN_TYPE = YES_ERROR;
				GCC_WARN_UNDECLARED_SELECTOR = YES;
				GCC_WARN_UNINITIALIZED_AUTOS = YES_AGGRESSIVE;
				GCC_WARN_UNUSED_FUNCTION = YES;
				GCC_WARN_UNUSED_VARIABLE = YES;
				MACOSX_DEPLOYMENT_TARGET = 10.13;
				MTL_ENABLE_DEBUG_INFO = INCLUDE_SOURCE;
				MTL_FAST_MATH = YES;
				ONLY_ACTIVE_ARCH = YES;
				SDKROOT = macosx;
			};
			name = Debug;
		};
		DEFEA5AF22DC25A10054873E /* Release */ = {
			isa = XCBuildConfiguration;
			buildSettings = {
				ALWAYS_SEARCH_USER_PATHS = NO;
				CLANG_ANALYZER_NONNULL = YES;
				CLANG_ANALYZER_NUMBER_OBJECT_CONVERSION = YES_AGGRESSIVE;
				CLANG_CXX_LANGUAGE_STANDARD = "gnu++14";
				CLANG_CXX_LIBRARY = "libc++";
				CLANG_ENABLE_MODULES = YES;
				CLANG_ENABLE_OBJC_ARC = YES;
				CLANG_ENABLE_OBJC_WEAK = YES;
				CLANG_WARN_BLOCK_CAPTURE_AUTORELEASING = YES;
				CLANG_WARN_BOOL_CONVERSION = YES;
				CLANG_WARN_COMMA = YES;
				CLANG_WARN_CONSTANT_CONVERSION = YES;
				CLANG_WARN_DEPRECATED_OBJC_IMPLEMENTATIONS = YES;
				CLANG_WARN_DIRECT_OBJC_ISA_USAGE = YES_ERROR;
				CLANG_WARN_DOCUMENTATION_COMMENTS = YES;
				CLANG_WARN_EMPTY_BODY = YES;
				CLANG_WARN_ENUM_CONVERSION = YES;
				CLANG_WARN_INFINITE_RECURSION = YES;
				CLANG_WARN_INT_CONVERSION = YES;
				CLANG_WARN_NON_LITERAL_NULL_CONVERSION = YES;
				CLANG_WARN_OBJC_IMPLICIT_RETAIN_SELF = YES;
				CLANG_WARN_OBJC_LITERAL_CONVERSION = YES;
				CLANG_WARN_OBJC_ROOT_CLASS = YES_ERROR;
				CLANG_WARN_RANGE_LOOP_ANALYSIS = YES;
				CLANG_WARN_STRICT_PROTOTYPES = YES;
				CLANG_WARN_SUSPICIOUS_MOVE = YES;
				CLANG_WARN_UNGUARDED_AVAILABILITY = YES_AGGRESSIVE;
				CLANG_WARN_UNREACHABLE_CODE = YES;
				CLANG_WARN__DUPLICATE_METHOD_MATCH = YES;
				CODE_SIGN_IDENTITY = "-";
				COPY_PHASE_STRIP = NO;
				DEBUG_INFORMATION_FORMAT = "dwarf-with-dsym";
				ENABLE_NS_ASSERTIONS = NO;
				ENABLE_STRICT_OBJC_MSGSEND = YES;
				GCC_C_LANGUAGE_STANDARD = gnu11;
				GCC_NO_COMMON_BLOCKS = YES;
				GCC_WARN_64_TO_32_BIT_CONVERSION = YES;
				GCC_WARN_ABOUT_RETURN_TYPE = YES_ERROR;
				GCC_WARN_UNDECLARED_SELECTOR = YES;
				GCC_WARN_UNINITIALIZED_AUTOS = YES_AGGRESSIVE;
				GCC_WARN_UNUSED_FUNCTION = YES;
				GCC_WARN_UNUSED_VARIABLE = YES;
				MACOSX_DEPLOYMENT_TARGET = 10.13;
				MTL_ENABLE_DEBUG_INFO = NO;
				MTL_FAST_MATH = YES;
				SDKROOT = macosx;
			};
			name = Release;
		};
		DEFEA5B122DC25A10054873E /* Debug */ = {
			isa = XCBuildConfiguration;
			buildSettings = {
				ASSETCATALOG_COMPILER_APPICON_NAME = AppIcon;
				CODE_SIGN_ENTITLEMENTS = GIFVIEW/GIFVIEW.entitlements;
				CODE_SIGN_STYLE = Automatic;
				COMBINE_HIDPI_IMAGES = YES;
				INFOPLIST_FILE = GIFVIEW/Info.plist;
				LD_RUNPATH_SEARCH_PATHS = (
					"$(inherited)",
					"@executable_path/../Frameworks",
				);
				PRODUCT_BUNDLE_IDENTIFIER = com.Dylan.GIFVIEW;
				PRODUCT_NAME = "$(TARGET_NAME)";
			};
			name = Debug;
		};
		DEFEA5B222DC25A10054873E /* Release */ = {
			isa = XCBuildConfiguration;
			buildSettings = {
				ASSETCATALOG_COMPILER_APPICON_NAME = AppIcon;
				CODE_SIGN_ENTITLEMENTS = GIFVIEW/GIFVIEW.entitlements;
				CODE_SIGN_STYLE = Automatic;
				COMBINE_HIDPI_IMAGES = YES;
				INFOPLIST_FILE = GIFVIEW/Info.plist;
				LD_RUNPATH_SEARCH_PATHS = (
					"$(inherited)",
					"@executable_path/../Frameworks",
				);
				PRODUCT_BUNDLE_IDENTIFIER = com.Dylan.GIFVIEW;
				PRODUCT_NAME = "$(TARGET_NAME)";
			};
			name = Release;
		};
		DEFEA5C122DC443A0054873E /* Debug */ = {
			isa = XCBuildConfiguration;
			buildSettings = {
				CODE_SIGN_STYLE = Automatic;
				PRODUCT_NAME = "$(TARGET_NAME)";
			};
			name = Debug;
		};
		DEFEA5C222DC443A0054873E /* Release */ = {
			isa = XCBuildConfiguration;
			buildSettings = {
				CODE_SIGN_STYLE = Automatic;
				PRODUCT_NAME = "$(TARGET_NAME)";
			};
			name = Release;
		};
/* End XCBuildConfiguration section */

/* Begin XCConfigurationList section */
		DEFEA59A22DC259F0054873E /* Build configuration list for PBXProject "GIFVIEW" */ = {
			isa = XCConfigurationList;
			buildConfigurations = (
				DEFEA5AE22DC25A10054873E /* Debug */,
				DEFEA5AF22DC25A10054873E /* Release */,
			);
			defaultConfigurationIsVisible = 0;
			defaultConfigurationName = Release;
		};
		DEFEA5B022DC25A10054873E /* Build configuration list for PBXNativeTarget "GIFVIEW" */ = {
			isa = XCConfigurationList;
			buildConfigurations = (
				DEFEA5B122DC25A10054873E /* Debug */,
				DEFEA5B222DC25A10054873E /* Release */,
			);
			defaultConfigurationIsVisible = 0;
			defaultConfigurationName = Release;
		};
		DEFEA5C022DC443A0054873E /* Build configuration list for PBXNativeTarget "drawProgress" */ = {
			isa = XCConfigurationList;
			buildConfigurations = (
				DEFEA5C122DC443A0054873E /* Debug */,
				DEFEA5C222DC443A0054873E /* Release */,
			);
			defaultConfigurationIsVisible = 0;
			defaultConfigurationName = Release;
		};
/* End XCConfigurationList section */
	};
	rootObject = DEFEA59722DC259F0054873E /* Project object */;
}
